Microsoft Visual Studio Solution File, Format Version 12.00
# Visual Studio Version 16
VisualStudioVersion = 16.0.30330.147
MinimumVisualStudioVersion = 10.0.40219.1
Project("{9A19103F-16F7-4668-BE54-9A1E7A4F7556}") = "ELE_Patcher", "ELE_Patcher\ELE_Patcher.csproj", "{8BA2E1B7-DD65-42B6-A780-17E4037A3C1B}"
EndProject
Project("{D954291E-2A0B-460D-934E-DC6B0785DB48}") = "MiscPatcherUtil", "MiscPatcherUtil\MiscPatcherUtil.shproj", "{C8D05A6F-2F84-48C4-8595-CBA0B4CE6FF4}"
EndProject
Global
	GlobalSection(SharedMSBuildProjectFiles) = preSolution
		MiscPatcherUtil\MiscPatcherUtil.projitems*{8ba2e1b7-dd65-42b6-a780-17e4037a3c1b}*SharedItemsImports = 5
		MiscPatcherUtil\MiscPatcherUtil.projitems*{c8d05a6f-2f84-48c4-8595-cba0b4ce6ff4}*SharedItemsImports = 13
	EndGlobalSection
	GlobalSection(SolutionConfigurationPlatforms) = preSolution
		Debug|Any CPU = Debug|Any CPU
		Release|Any CPU = Release|Any CPU
	EndGlobalSection
	GlobalSection(ProjectConfigurationPlatforms) = postSolution
		{8BA2E1B7-DD65-42B6-A780-17E4037A3C1B}.Debug|Any CPU.ActiveCfg = Debug|Any CPU
		{8BA2E1B7-DD65-42B6-A780-17E4037A3C1B}.Debug|Any CPU.Build.0 = Debug|Any CPU
		{8BA2E1B7-DD65-42B6-A780-17E4037A3C1B}.Release|Any CPU.ActiveCfg = Release|Any CPU
		{8BA2E1B7-DD65-42B6-A780-17E4037A3C1B}.Release|Any CPU.Build.0 = Release|Any CPU
	EndGlobalSection
	GlobalSection(SolutionProperties) = preSolution
		HideSolutionNode = FALSE
	EndGlobalSection
	GlobalSection(ExtensibilityGlobals) = postSolution
		SolutionGuid = {85889150-923A-46AD-AEDC-8E4041B0B4D4}
	EndGlobalSection
EndGlobal
